
Microsoft Visual Studio Solution File, Format Version 12.00
# Visual Studio Version 17
VisualStudioVersion = 17.8.34330.188
MinimumVisualStudioVersion = 10.0.40219.1
Project("{9A19103F-16F7-4668-BE54-9A1E7A4F7556}") = "Server", "Server\Server.csproj", "{49F270DF-A8FB-43A7-A404-54DD7A783D75}"
EndProject
Project("{9A19103F-16F7-4668-BE54-9A1E7A4F7556}") = "Client", "Client\Client.csproj", "{BEE1D41D-34AE-4E49-B6F0-CBDFAE244446}"
EndProject
Project("{9A19103F-16F7-4668-BE54-9A1E7A4F7556}") = "BaseLibrary", "BaseLibrary\BaseLibrary.csproj", "{9B2F121D-C835-47A2-9687-66AA5CCF6EF7}"
EndProject
Project("{9A19103F-16F7-4668-BE54-9A1E7A4F7556}") = "ClientLibrary", "ClientLibrary\ClientLibrary.csproj", "{E625BF19-3CC4-4FFA-BAEB-5132D7C1CCDE}"
EndProject
Project("{9A19103F-16F7-4668-BE54-9A1E7A4F7556}") = "ServerLibrary", "ServerLibrary\ServerLibrary.csproj", "{8F5B0C4D-002A-4156-8F20-EBAC6175788A}"
EndProject
Global
	GlobalSection(SolutionConfigurationPlatforms) = preSolution
		Debug|Any CPU = Debug|Any CPU
		Release|Any CPU = Release|Any CPU
	EndGlobalSection
	GlobalSection(ProjectConfigurationPlatforms) = postSolution
		{49F270DF-A8FB-43A7-A404-54DD7A783D75}.Debug|Any CPU.ActiveCfg = Debug|Any CPU
		{49F270DF-A8FB-43A7-A404-54DD7A783D75}.Debug|Any CPU.Build.0 = Debug|Any CPU
		{49F270DF-A8FB-43A7-A404-54DD7A783D75}.Release|Any CPU.ActiveCfg = Release|Any CPU
		{49F270DF-A8FB-43A7-A404-54DD7A783D75}.Release|Any CPU.Build.0 = Release|Any CPU
		{BEE1D41D-34AE-4E49-B6F0-CBDFAE244446}.Debug|Any CPU.ActiveCfg = Debug|Any CPU
		{BEE1D41D-34AE-4E49-B6F0-CBDFAE244446}.Debug|Any CPU.Build.0 = Debug|Any CPU
		{BEE1D41D-34AE-4E49-B6F0-CBDFAE244446}.Release|Any CPU.ActiveCfg = Release|Any CPU
		{BEE1D41D-34AE-4E49-B6F0-CBDFAE244446}.Release|Any CPU.Build.0 = Release|Any CPU
		{9B2F121D-C835-47A2-9687-66AA5CCF6EF7}.Debug|Any CPU.ActiveCfg = Debug|Any CPU
		{9B2F121D-C835-47A2-9687-66AA5CCF6EF7}.Debug|Any CPU.Build.0 = Debug|Any CPU
		{9B2F121D-C835-47A2-9687-66AA5CCF6EF7}.Release|Any CPU.ActiveCfg = Release|Any CPU
		{9B2F121D-C835-47A2-9687-66AA5CCF6EF7}.Release|Any CPU.Build.0 = Release|Any CPU
		{E625BF19-3CC4-4FFA-BAEB-5132D7C1CCDE}.Debug|Any CPU.ActiveCfg = Debug|Any CPU
		{E625BF19-3CC4-4FFA-BAEB-5132D7C1CCDE}.Debug|Any CPU.Build.0 = Debug|Any CPU
		{E625BF19-3CC4-4FFA-BAEB-5132D7C1CCDE}.Release|Any CPU.ActiveCfg = Release|Any CPU
		{E625BF19-3CC4-4FFA-BAEB-5132D7C1CCDE}.Release|Any CPU.Build.0 = Release|Any CPU
		{8F5B0C4D-002A-4156-8F20-EBAC6175788A}.Debug|Any CPU.ActiveCfg = Debug|Any CPU
		{8F5B0C4D-002A-4156-8F20-EBAC6175788A}.Debug|Any CPU.Build.0 = Debug|Any CPU
		{8F5B0C4D-002A-4156-8F20-EBAC6175788A}.Release|Any CPU.ActiveCfg = Release|Any CPU
		{8F5B0C4D-002A-4156-8F20-EBAC6175788A}.Release|Any CPU.Build.0 = Release|Any CPU
	EndGlobalSection
	GlobalSection(SolutionProperties) = preSolution
		HideSolutionNode = FALSE
	EndGlobalSection
	GlobalSection(ExtensibilityGlobals) = postSolution
		SolutionGuid = {18596E43-8626-4E86-9DE0-0927B43C9F15}
	EndGlobalSection
EndGlobal
